{
  "meteor": {},
  "dependencies": {
    "basePackages": {
      "foundation5-sass": {},
      "iron-router": {}
    },
    "packages": {
      "foundation5-sass": {
        "git": "https://github.com/lgollut/meteor-foundation5-sass.git",
        "tag": "v0.0.13",
        "commit": "10fed6a3c7edbbce6bd234ed41ca2b23ba4cf1cf"
      },
      "iron-router": {
        "git": "https://github.com/EventedMind/iron-router.git",
        "tag": "v0.7.1",
        "commit": "d1ffb3f06ea4c112132b030f2eb1a70b81675ecb"
      },
      "scss": {
        "git": "https://github.com/fourseven/meteor-scss.git",
        "tag": "v0.9.3",
        "commit": "185f3b2787fb85e653f7b7bf603d1493ed14943d"
      },
      "blaze-layout": {
        "git": "https://github.com/EventedMind/blaze-layout.git",
        "tag": "v0.2.4",
        "commit": "b40e9b0612329288d75cf52ad14a7da64bb8618f"
      }
    }
  }
}
